
Microsoft Visual Studio Solution File, Format Version 12.00
# Visual Studio Version 16
VisualStudioVersion = 16.0.30320.27
MinimumVisualStudioVersion = 10.0.40219.1
Project("{FAE04EC0-301F-11D3-BF4B-00C04F79EFBC}") = "BSOS", "BSOS.csproj", "{D2B96CC0-F4E1-45E1-9846-A76E9CC110ED}"
EndProject
Global
	GlobalSection(SolutionConfigurationPlatforms) = preSolution
		Debug|Any CPU = Debug|Any CPU
		Release|Any CPU = Release|Any CPU
	EndGlobalSection
	GlobalSection(ProjectConfigurationPlatforms) = postSolution
		{D2B96CC0-F4E1-45E1-9846-A76E9CC110ED}.Debug|Any CPU.ActiveCfg = Debug|Any CPU
		{D2B96CC0-F4E1-45E1-9846-A76E9CC110ED}.Debug|Any CPU.Build.0 = Debug|Any CPU
		{D2B96CC0-F4E1-45E1-9846-A76E9CC110ED}.Release|Any CPU.ActiveCfg = Release|Any CPU
		{D2B96CC0-F4E1-45E1-9846-A76E9CC110ED}.Release|Any CPU.Build.0 = Release|Any CPU
	EndGlobalSection
	GlobalSection(SolutionProperties) = preSolution
		HideSolutionNode = FALSE
	EndGlobalSection
	GlobalSection(ExtensibilityGlobals) = postSolution
		SolutionGuid = {E60A1366-A653-4929-AEFE-BB0A3C98874D}
	EndGlobalSection
EndGlobal
